# This file is automatically @generated by Cargo.
# It is not intended for manual editing.
version = 4

[[package]]
name = "ddo-api"
version = "0.1.0"
dependencies = [
 "ddo-model",
]

[[package]]
name = "ddo-etl"
version = "0.1.0"
dependencies = [
 "ddo-model",
]

[[package]]
name = "ddo-model"
version = "0.1.0"
